
Microsoft Visual Studio Solution File, Format Version 12.00
# Visual Studio Version 17
VisualStudioVersion = 17.6.33829.357
MinimumVisualStudioVersion = 10.0.40219.1
Project("{FAE04EC0-301F-11D3-BF4B-00C04F79EFBC}") = "WebApplication9", "WebApplication9.csproj", "{A76FAEFA-0633-4BF6-AADD-BE1FE9CF3884}"
EndProject
Global
	GlobalSection(SolutionConfigurationPlatforms) = preSolution
		Debug|Any CPU = Debug|Any CPU
		Release|Any CPU = Release|Any CPU
	EndGlobalSection
	GlobalSection(ProjectConfigurationPlatforms) = postSolution
		{A76FAEFA-0633-4BF6-AADD-BE1FE9CF3884}.Debug|Any CPU.ActiveCfg = Debug|Any CPU
		{A76FAEFA-0633-4BF6-AADD-BE1FE9CF3884}.Debug|Any CPU.Build.0 = Debug|Any CPU
		{A76FAEFA-0633-4BF6-AADD-BE1FE9CF3884}.Release|Any CPU.ActiveCfg = Release|Any CPU
		{A76FAEFA-0633-4BF6-AADD-BE1FE9CF3884}.Release|Any CPU.Build.0 = Release|Any CPU
	EndGlobalSection
	GlobalSection(SolutionProperties) = preSolution
		HideSolutionNode = FALSE
	EndGlobalSection
	GlobalSection(ExtensibilityGlobals) = postSolution
		SolutionGuid = {0118A1F7-C385-4555-BE98-8EC5EA088234}
	EndGlobalSection
EndGlobal
